
Microsoft Visual Studio Solution File, Format Version 12.00
# Visual Studio 14
VisualStudioVersion = 14.0.25420.1
MinimumVisualStudioVersion = 10.0.40219.1
Project("{FAE04EC0-301F-11D3-BF4B-00C04F79EFBC}") = "Phatra.Core", "Phatra.Core\Phatra.Core.csproj", "{ECC8CDFF-7968-48D2-8B59-5CB7751EFB08}"
EndProject
Project("{FAE04EC0-301F-11D3-BF4B-00C04F79EFBC}") = "Phatra.Core.Web", "Phatra.Core.Web\Phatra.Core.Web.csproj", "{863AB683-A79B-4E01-9AB5-3A7D2CFF862B}"
EndProject
Project("{FAE04EC0-301F-11D3-BF4B-00C04F79EFBC}") = "OnboardingStatus", "OnboardingStatus\OnboardingStatus.csproj", "{40A86927-42DB-49B6-A016-FB153E5B601A}"
EndProject
Project("{FAE04EC0-301F-11D3-BF4B-00C04F79EFBC}") = "OnboardingStatus.Services", "OnboardingStatus.Services\OnboardingStatus.Services.csproj", "{14546870-8367-45B2-9B36-DF2681C83E8D}"
EndProject
Project("{FAE04EC0-301F-11D3-BF4B-00C04F79EFBC}") = "OnboardingStatus.HostConsole", "OnboardingStatus.HostConsole\OnboardingStatus.HostConsole.csproj", "{B2E0ACD5-3EC9-49B6-AB21-F7CD0A211836}"
EndProject
Project("{2150E333-8FDC-42A3-9474-1A3956D46DE8}") = "01. Core Libraries", "01. Core Libraries", "{80FBF40E-5A76-4A2B-B932-1486AF0A7907}"
EndProject
Project("{2150E333-8FDC-42A3-9474-1A3956D46DE8}") = "02. OnboardingStatus Shared Libraries", "02. OnboardingStatus Shared Libraries", "{4F0B26CB-F1EA-4E54-B8A0-80E87E584A20}"
EndProject
Project("{FAE04EC0-301F-11D3-BF4B-00C04F79EFBC}") = "OnboardingStatus.Web", "OnboardingStatus.Web\OnboardingStatus.Web.csproj", "{6F797E8C-5A73-4B3D-90A3-17805D89106C}"
EndProject
Global
	GlobalSection(SolutionConfigurationPlatforms) = preSolution
		Debug|Any CPU = Debug|Any CPU
		PTSECMSWEB11|Any CPU = PTSECMSWEB11|Any CPU
		PTSECMSWEBU2|Any CPU = PTSECMSWEBU2|Any CPU
		Release|Any CPU = Release|Any CPU
	EndGlobalSection
	GlobalSection(ProjectConfigurationPlatforms) = postSolution
		{ECC8CDFF-7968-48D2-8B59-5CB7751EFB08}.Debug|Any CPU.ActiveCfg = Debug|Any CPU
		{ECC8CDFF-7968-48D2-8B59-5CB7751EFB08}.Debug|Any CPU.Build.0 = Debug|Any CPU
		{ECC8CDFF-7968-48D2-8B59-5CB7751EFB08}.PTSECMSWEB11|Any CPU.ActiveCfg = PTSECMSWEB16D1_GMI|Any CPU
		{ECC8CDFF-7968-48D2-8B59-5CB7751EFB08}.PTSECMSWEB11|Any CPU.Build.0 = PTSECMSWEB16D1_GMI|Any CPU
		{ECC8CDFF-7968-48D2-8B59-5CB7751EFB08}.PTSECMSWEBU2|Any CPU.ActiveCfg = PTSECMSWEBU12_PCG|Any CPU
		{ECC8CDFF-7968-48D2-8B59-5CB7751EFB08}.PTSECMSWEBU2|Any CPU.Build.0 = PTSECMSWEBU12_PCG|Any CPU
		{ECC8CDFF-7968-48D2-8B59-5CB7751EFB08}.Release|Any CPU.ActiveCfg = Release|Any CPU
		{ECC8CDFF-7968-48D2-8B59-5CB7751EFB08}.Release|Any CPU.Build.0 = Release|Any CPU
		{863AB683-A79B-4E01-9AB5-3A7D2CFF862B}.Debug|Any CPU.ActiveCfg = Debug|Any CPU
		{863AB683-A79B-4E01-9AB5-3A7D2CFF862B}.Debug|Any CPU.Build.0 = Debug|Any CPU
		{863AB683-A79B-4E01-9AB5-3A7D2CFF862B}.PTSECMSWEB11|Any CPU.ActiveCfg = PTSECMSWEB16D1_GMI|Any CPU
		{863AB683-A79B-4E01-9AB5-3A7D2CFF862B}.PTSECMSWEB11|Any CPU.Build.0 = PTSECMSWEB16D1_GMI|Any CPU
		{863AB683-A79B-4E01-9AB5-3A7D2CFF862B}.PTSECMSWEBU2|Any CPU.ActiveCfg = PTSECMSWEBU12_PCG|Any CPU
		{863AB683-A79B-4E01-9AB5-3A7D2CFF862B}.PTSECMSWEBU2|Any CPU.Build.0 = PTSECMSWEBU12_PCG|Any CPU
		{863AB683-A79B-4E01-9AB5-3A7D2CFF862B}.Release|Any CPU.ActiveCfg = Release|Any CPU
		{863AB683-A79B-4E01-9AB5-3A7D2CFF862B}.Release|Any CPU.Build.0 = Release|Any CPU
		{40A86927-42DB-49B6-A016-FB153E5B601A}.Debug|Any CPU.ActiveCfg = Debug|Any CPU
		{40A86927-42DB-49B6-A016-FB153E5B601A}.Debug|Any CPU.Build.0 = Debug|Any CPU
		{40A86927-42DB-49B6-A016-FB153E5B601A}.PTSECMSWEB11|Any CPU.ActiveCfg = Release|Any CPU
		{40A86927-42DB-49B6-A016-FB153E5B601A}.PTSECMSWEB11|Any CPU.Build.0 = Release|Any CPU
		{40A86927-42DB-49B6-A016-FB153E5B601A}.PTSECMSWEBU2|Any CPU.ActiveCfg = Release|Any CPU
		{40A86927-42DB-49B6-A016-FB153E5B601A}.PTSECMSWEBU2|Any CPU.Build.0 = Release|Any CPU
		{40A86927-42DB-49B6-A016-FB153E5B601A}.Release|Any CPU.ActiveCfg = Release|Any CPU
		{40A86927-42DB-49B6-A016-FB153E5B601A}.Release|Any CPU.Build.0 = Release|Any CPU
		{14546870-8367-45B2-9B36-DF2681C83E8D}.Debug|Any CPU.ActiveCfg = Debug|Any CPU
		{14546870-8367-45B2-9B36-DF2681C83E8D}.Debug|Any CPU.Build.0 = Debug|Any CPU
		{14546870-8367-45B2-9B36-DF2681C83E8D}.PTSECMSWEB11|Any CPU.ActiveCfg = Release|Any CPU
		{14546870-8367-45B2-9B36-DF2681C83E8D}.PTSECMSWEB11|Any CPU.Build.0 = Release|Any CPU
		{14546870-8367-45B2-9B36-DF2681C83E8D}.PTSECMSWEBU2|Any CPU.ActiveCfg = Release|Any CPU
		{14546870-8367-45B2-9B36-DF2681C83E8D}.PTSECMSWEBU2|Any CPU.Build.0 = Release|Any CPU
		{14546870-8367-45B2-9B36-DF2681C83E8D}.Release|Any CPU.ActiveCfg = Release|Any CPU
		{14546870-8367-45B2-9B36-DF2681C83E8D}.Release|Any CPU.Build.0 = Release|Any CPU
		{B2E0ACD5-3EC9-49B6-AB21-F7CD0A211836}.Debug|Any CPU.ActiveCfg = Debug|Any CPU
		{B2E0ACD5-3EC9-49B6-AB21-F7CD0A211836}.Debug|Any CPU.Build.0 = Debug|Any CPU
		{B2E0ACD5-3EC9-49B6-AB21-F7CD0A211836}.PTSECMSWEB11|Any CPU.ActiveCfg = Release|Any CPU
		{B2E0ACD5-3EC9-49B6-AB21-F7CD0A211836}.PTSECMSWEB11|Any CPU.Build.0 = Release|Any CPU
		{B2E0ACD5-3EC9-49B6-AB21-F7CD0A211836}.PTSECMSWEBU2|Any CPU.ActiveCfg = Release|Any CPU
		{B2E0ACD5-3EC9-49B6-AB21-F7CD0A211836}.PTSECMSWEBU2|Any CPU.Build.0 = Release|Any CPU
		{B2E0ACD5-3EC9-49B6-AB21-F7CD0A211836}.Release|Any CPU.ActiveCfg = Release|Any CPU
		{B2E0ACD5-3EC9-49B6-AB21-F7CD0A211836}.Release|Any CPU.Build.0 = Release|Any CPU
		{6F797E8C-5A73-4B3D-90A3-17805D89106C}.Debug|Any CPU.ActiveCfg = Debug|Any CPU
		{6F797E8C-5A73-4B3D-90A3-17805D89106C}.Debug|Any CPU.Build.0 = Debug|Any CPU
		{6F797E8C-5A73-4B3D-90A3-17805D89106C}.PTSECMSWEB11|Any CPU.ActiveCfg = Release|Any CPU
		{6F797E8C-5A73-4B3D-90A3-17805D89106C}.PTSECMSWEB11|Any CPU.Build.0 = Release|Any CPU
		{6F797E8C-5A73-4B3D-90A3-17805D89106C}.PTSECMSWEBU2|Any CPU.ActiveCfg = Release|Any CPU
		{6F797E8C-5A73-4B3D-90A3-17805D89106C}.PTSECMSWEBU2|Any CPU.Build.0 = Release|Any CPU
		{6F797E8C-5A73-4B3D-90A3-17805D89106C}.Release|Any CPU.ActiveCfg = Release|Any CPU
		{6F797E8C-5A73-4B3D-90A3-17805D89106C}.Release|Any CPU.Build.0 = Release|Any CPU
	EndGlobalSection
	GlobalSection(SolutionProperties) = preSolution
		HideSolutionNode = FALSE
	EndGlobalSection
	GlobalSection(NestedProjects) = preSolution
		{ECC8CDFF-7968-48D2-8B59-5CB7751EFB08} = {80FBF40E-5A76-4A2B-B932-1486AF0A7907}
		{863AB683-A79B-4E01-9AB5-3A7D2CFF862B} = {80FBF40E-5A76-4A2B-B932-1486AF0A7907}
		{40A86927-42DB-49B6-A016-FB153E5B601A} = {4F0B26CB-F1EA-4E54-B8A0-80E87E584A20}
		{14546870-8367-45B2-9B36-DF2681C83E8D} = {4F0B26CB-F1EA-4E54-B8A0-80E87E584A20}
	EndGlobalSection
EndGlobal
